// !$*UTF8*$!
{
	archiveVersion = 1;
	classes = {
	};
	objectVersion = 56;
	objects = {

/* Begin PBXBuildFile section */
		631F48762A4BFBB500807E30 /* AppDelegate.swift in Sources */ = {isa = PBXBuildFile; fileRef = 631F48752A4BFBB500807E30 /* AppDelegate.swift */; };
		631F48782A4BFBB500807E30 /* SceneDelegate.swift in Sources */ = {isa = PBXBuildFile; fileRef = 631F48772A4BFBB500807E30 /* SceneDelegate.swift */; };
		631F487A2A4BFBB500807E30 /* ViewController.swift in Sources */ = {isa = PBXBuildFile; fileRef = 631F48792A4BFBB500807E30 /* ViewController.swift */; };
		631F487F2A4BFBB700807E30 /* Assets.xcassets in Resources */ = {isa = PBXBuildFile; fileRef = 631F487E2A4BFBB700807E30 /* Assets.xcassets */; };
		631F48822A4BFBB700807E30 /* LaunchScreen.storyboard in Resources */ = {isa = PBXBuildFile; fileRef = 631F48802A4BFBB700807E30 /* LaunchScreen.storyboard */; };
		631F488A2A4BFC5E00807E30 /* Coordinator.swift in Sources */ = {isa = PBXBuildFile; fileRef = 631F48892A4BFC5E00807E30 /* Coordinator.swift */; };
		631F488C2A4BFC7800807E30 /* MainCoordinator.swift in Sources */ = {isa = PBXBuildFile; fileRef = 631F488B2A4BFC7800807E30 /* MainCoordinator.swift */; };
		631F488E2A4BFCBC00807E30 /* TabBarViewController.swift in Sources */ = {isa = PBXBuildFile; fileRef = 631F488D2A4BFCBC00807E30 /* TabBarViewController.swift */; };
		631F48902A4BFCE200807E30 /* Factory.swift in Sources */ = {isa = PBXBuildFile; fileRef = 631F488F2A4BFCE200807E30 /* Factory.swift */; };
		631F48922A4BFD0200807E30 /* FirstScreenCoordinator.swift in Sources */ = {isa = PBXBuildFile; fileRef = 631F48912A4BFD0200807E30 /* FirstScreenCoordinator.swift */; };
		631F48962A4BFD8700807E30 /* FirtsScreenViewModel.swift in Sources */ = {isa = PBXBuildFile; fileRef = 631F48952A4BFD8700807E30 /* FirtsScreenViewModel.swift */; };
		631F48992A4BFE7E00807E30 /* NetworkDataFetcher.swift in Sources */ = {isa = PBXBuildFile; fileRef = 631F48982A4BFE7E00807E30 /* NetworkDataFetcher.swift */; };
		631F489B2A4BFE9100807E30 /* NetworkService.swift in Sources */ = {isa = PBXBuildFile; fileRef = 631F489A2A4BFE9100807E30 /* NetworkService.swift */; };
		631F489D2A4BFEAA00807E30 /* NetworkFetcherService.swift in Sources */ = {isa = PBXBuildFile; fileRef = 631F489C2A4BFEAA00807E30 /* NetworkFetcherService.swift */; };
		631F48A02A4C00A700807E30 /* CommonExtensions.swift in Sources */ = {isa = PBXBuildFile; fileRef = 631F489F2A4C00A700807E30 /* CommonExtensions.swift */; };
		631F48A32A4C05F600807E30 /* NetworkingModels.swift in Sources */ = {isa = PBXBuildFile; fileRef = 631F48A22A4C05F600807E30 /* NetworkingModels.swift */; };
		631F48A52A4C083E00807E30 /* FirstScreenView.swift in Sources */ = {isa = PBXBuildFile; fileRef = 631F48A42A4C083E00807E30 /* FirstScreenView.swift */; };
		631F48A72A4C094100807E30 /* SelectCategoryCell.swift in Sources */ = {isa = PBXBuildFile; fileRef = 631F48A62A4C094100807E30 /* SelectCategoryCell.swift */; };
		631F48AA2A4C0BB300807E30 /* CategotyModel.swift in Sources */ = {isa = PBXBuildFile; fileRef = 631F48A92A4C0BB300807E30 /* CategotyModel.swift */; };
		631F48AC2A4C123200807E30 /* FirstScreenExt.swift in Sources */ = {isa = PBXBuildFile; fileRef = 631F48AB2A4C123200807E30 /* FirstScreenExt.swift */; };
/* End PBXBuildFile section */

/* Begin PBXFileReference section */
		631F48722A4BFBB500807E30 /* DeliveryDemo.app */ = {isa = PBXFileReference; explicitFileType = wrapper.application; includeInIndex = 0; path = DeliveryDemo.app; sourceTree = BUILT_PRODUCTS_DIR; };
		631F48752A4BFBB500807E30 /* AppDelegate.swift */ = {isa = PBXFileReference; lastKnownFileType = sourcecode.swift; path = AppDelegate.swift; sourceTree = "<group>"; };
		631F48772A4BFBB500807E30 /* SceneDelegate.swift */ = {isa = PBXFileReference; lastKnownFileType = sourcecode.swift; path = SceneDelegate.swift; sourceTree = "<group>"; };
		631F48792A4BFBB500807E30 /* ViewController.swift */ = {isa = PBXFileReference; lastKnownFileType = sourcecode.swift; path = ViewController.swift; sourceTree = "<group>"; };
		631F487E2A4BFBB700807E30 /* Assets.xcassets */ = {isa = PBXFileReference; lastKnownFileType = folder.assetcatalog; path = Assets.xcassets; sourceTree = "<group>"; };
		631F48812A4BFBB700807E30 /* Base */ = {isa = PBXFileReference; lastKnownFileType = file.storyboard; name = Base; path = Base.lproj/LaunchScreen.storyboard; sourceTree = "<group>"; };
		631F48832A4BFBB700807E30 /* Info.plist */ = {isa = PBXFileReference; lastKnownFileType = text.plist.xml; path = Info.plist; sourceTree = "<group>"; };
		631F48892A4BFC5E00807E30 /* Coordinator.swift */ = {isa = PBXFileReference; lastKnownFileType = sourcecode.swift; path = Coordinator.swift; sourceTree = "<group>"; };
		631F488B2A4BFC7800807E30 /* MainCoordinator.swift */ = {isa = PBXFileReference; lastKnownFileType = sourcecode.swift; path = MainCoordinator.swift; sourceTree = "<group>"; };
		631F488D2A4BFCBC00807E30 /* TabBarViewController.swift */ = {isa = PBXFileReference; lastKnownFileType = sourcecode.swift; path = TabBarViewController.swift; sourceTree = "<group>"; };
		631F488F2A4BFCE200807E30 /* Factory.swift */ = {isa = PBXFileReference; lastKnownFileType = sourcecode.swift; path = Factory.swift; sourceTree = "<group>"; };
		631F48912A4BFD0200807E30 /* FirstScreenCoordinator.swift */ = {isa = PBXFileReference; lastKnownFileType = sourcecode.swift; path = FirstScreenCoordinator.swift; sourceTree = "<group>"; };
		631F48952A4BFD8700807E30 /* FirtsScreenViewModel.swift */ = {isa = PBXFileReference; lastKnownFileType = sourcecode.swift; path = FirtsScreenViewModel.swift; sourceTree = "<group>"; };
		631F48982A4BFE7E00807E30 /* NetworkDataFetcher.swift */ = {isa = PBXFileReference; lastKnownFileType = sourcecode.swift; path = NetworkDataFetcher.swift; sourceTree = "<group>"; };
		631F489A2A4BFE9100807E30 /* NetworkService.swift */ = {isa = PBXFileReference; lastKnownFileType = sourcecode.swift; path = NetworkService.swift; sourceTree = "<group>"; };
		631F489C2A4BFEAA00807E30 /* NetworkFetcherService.swift */ = {isa = PBXFileReference; lastKnownFileType = sourcecode.swift; path = NetworkFetcherService.swift; sourceTree = "<group>"; };
		631F489F2A4C00A700807E30 /* CommonExtensions.swift */ = {isa = PBXFileReference; lastKnownFileType = sourcecode.swift; path = CommonExtensions.swift; sourceTree = "<group>"; };
		631F48A22A4C05F600807E30 /* NetworkingModels.swift */ = {isa = PBXFileReference; lastKnownFileType = sourcecode.swift; path = NetworkingModels.swift; sourceTree = "<group>"; };
		631F48A42A4C083E00807E30 /* FirstScreenView.swift */ = {isa = PBXFileReference; lastKnownFileType = sourcecode.swift; path = FirstScreenView.swift; sourceTree = "<group>"; };
		631F48A62A4C094100807E30 /* SelectCategoryCell.swift */ = {isa = PBXFileReference; lastKnownFileType = sourcecode.swift; path = SelectCategoryCell.swift; sourceTree = "<group>"; };
		631F48A92A4C0BB300807E30 /* CategotyModel.swift */ = {isa = PBXFileReference; lastKnownFileType = sourcecode.swift; path = CategotyModel.swift; sourceTree = "<group>"; };
		631F48AB2A4C123200807E30 /* FirstScreenExt.swift */ = {isa = PBXFileReference; lastKnownFileType = sourcecode.swift; path = FirstScreenExt.swift; sourceTree = "<group>"; };
/* End PBXFileReference section */

/* Begin PBXFrameworksBuildPhase section */
		631F486F2A4BFBB500807E30 /* Frameworks */ = {
			isa = PBXFrameworksBuildPhase;
			buildActionMask = 2147483647;
			files = (
			);
			runOnlyForDeploymentPostprocessing = 0;
		};
/* End PBXFrameworksBuildPhase section */

/* Begin PBXGroup section */
		631F48692A4BFBB500807E30 = {
			isa = PBXGroup;
			children = (
				631F48742A4BFBB500807E30 /* DeliveryDemo */,
				631F48732A4BFBB500807E30 /* Products */,
			);
			sourceTree = "<group>";
		};
		631F48732A4BFBB500807E30 /* Products */ = {
			isa = PBXGroup;
			children = (
				631F48722A4BFBB500807E30 /* DeliveryDemo.app */,
			);
			name = Products;
			sourceTree = "<group>";
		};
		631F48742A4BFBB500807E30 /* DeliveryDemo */ = {
			isa = PBXGroup;
			children = (
				631F48752A4BFBB500807E30 /* AppDelegate.swift */,
				631F48772A4BFBB500807E30 /* SceneDelegate.swift */,
				631F489E2A4BFEFF00807E30 /* Networking */,
				631F48932A4BFD1E00807E30 /* Coordinators */,
				631F48972A4BFE5200807E30 /* FirstScreenModule */,
				631F487E2A4BFBB700807E30 /* Assets.xcassets */,
				631F48802A4BFBB700807E30 /* LaunchScreen.storyboard */,
				631F48832A4BFBB700807E30 /* Info.plist */,
				631F48A12A4C00B800807E30 /* Common */,
			);
			path = DeliveryDemo;
			sourceTree = "<group>";
		};
		631F48932A4BFD1E00807E30 /* Coordinators */ = {
			isa = PBXGroup;
			children = (
				631F48942A4BFD3500807E30 /* Common */,
				631F488B2A4BFC7800807E30 /* MainCoordinator.swift */,
				631F48912A4BFD0200807E30 /* FirstScreenCoordinator.swift */,
			);
			path = Coordinators;
			sourceTree = "<group>";
		};
		631F48942A4BFD3500807E30 /* Common */ = {
			isa = PBXGroup;
			children = (
				631F48892A4BFC5E00807E30 /* Coordinator.swift */,
				631F488D2A4BFCBC00807E30 /* TabBarViewController.swift */,
				631F488F2A4BFCE200807E30 /* Factory.swift */,
			);
			path = Common;
			sourceTree = "<group>";
		};
		631F48972A4BFE5200807E30 /* FirstScreenModule */ = {
			isa = PBXGroup;
			children = (
				631F48792A4BFBB500807E30 /* ViewController.swift */,
				631F48AB2A4C123200807E30 /* FirstScreenExt.swift */,
				631F48A82A4C094900807E30 /* Views */,
				631F48952A4BFD8700807E30 /* FirtsScreenViewModel.swift */,
				631F48A92A4C0BB300807E30 /* CategotyModel.swift */,
			);
			path = FirstScreenModule;
			sourceTree = "<group>";
		};
		631F489E2A4BFEFF00807E30 /* Networking */ = {
			isa = PBXGroup;
			children = (
				631F48982A4BFE7E00807E30 /* NetworkDataFetcher.swift */,
				631F489A2A4BFE9100807E30 /* NetworkService.swift */,
				631F489C2A4BFEAA00807E30 /* NetworkFetcherService.swift */,
				631F48A22A4C05F600807E30 /* NetworkingModels.swift */,
			);
			path = Networking;
			sourceTree = "<group>";
		};
		631F48A12A4C00B800807E30 /* Common */ = {
			isa = PBXGroup;
			children = (
				631F489F2A4C00A700807E30 /* CommonExtensions.swift */,
			);
			path = Common;
			sourceTree = "<group>";
		};
		631F48A82A4C094900807E30 /* Views */ = {
			isa = PBXGroup;
			children = (
				631F48A42A4C083E00807E30 /* FirstScreenView.swift */,
				631F48A62A4C094100807E30 /* SelectCategoryCell.swift */,
			);
			path = Views;
			sourceTree = "<group>";
		};
/* End PBXGroup section */

/* Begin PBXNativeTarget section */
		631F48712A4BFBB500807E30 /* DeliveryDemo */ = {
			isa = PBXNativeTarget;
			buildConfigurationList = 631F48862A4BFBB700807E30 /* Build configuration list for PBXNativeTarget "DeliveryDemo" */;
			buildPhases = (
				631F486E2A4BFBB500807E30 /* Sources */,
				631F486F2A4BFBB500807E30 /* Frameworks */,
				631F48702A4BFBB500807E30 /* Resources */,
			);
			buildRules = (
			);
			dependencies = (
			);
			name = DeliveryDemo;
			productName = DeliveryDemo;
			productReference = 631F48722A4BFBB500807E30 /* DeliveryDemo.app */;
			productType = "com.apple.product-type.application";
		};
/* End PBXNativeTarget section */

/* Begin PBXProject section */
		631F486A2A4BFBB500807E30 /* Project object */ = {
			isa = PBXProject;
			attributes = {
				BuildIndependentTargetsInParallel = 1;
				LastSwiftUpdateCheck = 1430;
				LastUpgradeCheck = 1430;
				TargetAttributes = {
					631F48712A4BFBB500807E30 = {
						CreatedOnToolsVersion = 14.3.1;
					};
				};
			};
			buildConfigurationList = 631F486D2A4BFBB500807E30 /* Build configuration list for PBXProject "DeliveryDemo" */;
			compatibilityVersion = "Xcode 14.0";
			developmentRegion = en;
			hasScannedForEncodings = 0;
			knownRegions = (
				en,
				Base,
			);
			mainGroup = 631F48692A4BFBB500807E30;
			productRefGroup = 631F48732A4BFBB500807E30 /* Products */;
			projectDirPath = "";
			projectRoot = "";
			targets = (
				631F48712A4BFBB500807E30 /* DeliveryDemo */,
			);
		};
/* End PBXProject section */

/* Begin PBXResourcesBuildPhase section */
		631F48702A4BFBB500807E30 /* Resources */ = {
			isa = PBXResourcesBuildPhase;
			buildActionMask = 2147483647;
			files = (
				631F48822A4BFBB700807E30 /* LaunchScreen.storyboard in Resources */,
				631F487F2A4BFBB700807E30 /* Assets.xcassets in Resources */,
			);
			runOnlyForDeploymentPostprocessing = 0;
		};
/* End PBXResourcesBuildPhase section */

/* Begin PBXSourcesBuildPhase section */
		631F486E2A4BFBB500807E30 /* Sources */ = {
			isa = PBXSourcesBuildPhase;
			buildActionMask = 2147483647;
			files = (
				631F489B2A4BFE9100807E30 /* NetworkService.swift in Sources */,
				631F48A72A4C094100807E30 /* SelectCategoryCell.swift in Sources */,
				631F48AC2A4C123200807E30 /* FirstScreenExt.swift in Sources */,
				631F488A2A4BFC5E00807E30 /* Coordinator.swift in Sources */,
				631F489D2A4BFEAA00807E30 /* NetworkFetcherService.swift in Sources */,
				631F48A52A4C083E00807E30 /* FirstScreenView.swift in Sources */,
				631F487A2A4BFBB500807E30 /* ViewController.swift in Sources */,
				631F48762A4BFBB500807E30 /* AppDelegate.swift in Sources */,
				631F48AA2A4C0BB300807E30 /* CategotyModel.swift in Sources */,
				631F48A32A4C05F600807E30 /* NetworkingModels.swift in Sources */,
				631F48922A4BFD0200807E30 /* FirstScreenCoordinator.swift in Sources */,
				631F48992A4BFE7E00807E30 /* NetworkDataFetcher.swift in Sources */,
				631F488C2A4BFC7800807E30 /* MainCoordinator.swift in Sources */,
				631F488E2A4BFCBC00807E30 /* TabBarViewController.swift in Sources */,
				631F48962A4BFD8700807E30 /* FirtsScreenViewModel.swift in Sources */,
				631F48782A4BFBB500807E30 /* SceneDelegate.swift in Sources */,
				631F48A02A4C00A700807E30 /* CommonExtensions.swift in Sources */,
				631F48902A4BFCE200807E30 /* Factory.swift in Sources */,
			);
			runOnlyForDeploymentPostprocessing = 0;
		};
/* End PBXSourcesBuildPhase section */

/* Begin PBXVariantGroup section */
		631F48802A4BFBB700807E30 /* LaunchScreen.storyboard */ = {
			isa = PBXVariantGroup;
			children = (
				631F48812A4BFBB700807E30 /* Base */,
			);
			name = LaunchScreen.storyboard;
			sourceTree = "<group>";
		};
/* End PBXVariantGroup section */

/* Begin XCBuildConfiguration section */
		631F48842A4BFBB700807E30 /* Debug */ = {
			isa = XCBuildConfiguration;
			buildSettings = {
				ALWAYS_SEARCH_USER_PATHS = NO;
				CLANG_ANALYZER_NONNULL = YES;
				CLANG_ANALYZER_NUMBER_OBJECT_CONVERSION = YES_AGGRESSIVE;
				CLANG_CXX_LANGUAGE_STANDARD = "gnu++20";
				CLANG_ENABLE_MODULES = YES;
				CLANG_ENABLE_OBJC_ARC = YES;
				CLANG_ENABLE_OBJC_WEAK = YES;
				CLANG_WARN_BLOCK_CAPTURE_AUTORELEASING = YES;
				CLANG_WARN_BOOL_CONVERSION = YES;
				CLANG_WARN_COMMA = YES;
				CLANG_WARN_CONSTANT_CONVERSION = YES;
				CLANG_WARN_DEPRECATED_OBJC_IMPLEMENTATIONS = YES;
				CLANG_WARN_DIRECT_OBJC_ISA_USAGE = YES_ERROR;
				CLANG_WARN_DOCUMENTATION_COMMENTS = YES;
				CLANG_WARN_EMPTY_BODY = YES;
				CLANG_WARN_ENUM_CONVERSION = YES;
				CLANG_WARN_INFINITE_RECURSION = YES;
				CLANG_WARN_INT_CONVERSION = YES;
				CLANG_WARN_NON_LITERAL_NULL_CONVERSION = YES;
				CLANG_WARN_OBJC_IMPLICIT_RETAIN_SELF = YES;
				CLANG_WARN_OBJC_LITERAL_CONVERSION = YES;
				CLANG_WARN_OBJC_ROOT_CLASS = YES_ERROR;
				CLANG_WARN_QUOTED_INCLUDE_IN_FRAMEWORK_HEADER = YES;
				CLANG_WARN_RANGE_LOOP_ANALYSIS = YES;
				CLANG_WARN_STRICT_PROTOTYPES = YES;
				CLANG_WARN_SUSPICIOUS_MOVE = YES;
				CLANG_WARN_UNGUARDED_AVAILABILITY = YES_AGGRESSIVE;
				CLANG_WARN_UNREACHABLE_CODE = YES;
				CLANG_WARN__DUPLICATE_METHOD_MATCH = YES;
				COPY_PHASE_STRIP = NO;
				DEBUG_INFORMATION_FORMAT = dwarf;
				ENABLE_STRICT_OBJC_MSGSEND = YES;
				ENABLE_TESTABILITY = YES;
				GCC_C_LANGUAGE_STANDARD = gnu11;
				GCC_DYNAMIC_NO_PIC = NO;
				GCC_NO_COMMON_BLOCKS = YES;
				GCC_OPTIMIZATION_LEVEL = 0;
				GCC_PREPROCESSOR_DEFINITIONS = (
					"DEBUG=1",
					"$(inherited)",
				);
				GCC_WARN_64_TO_32_BIT_CONVERSION = YES;
				GCC_WARN_ABOUT_RETURN_TYPE = YES_ERROR;
				GCC_WARN_UNDECLARED_SELECTOR = YES;
				GCC_WARN_UNINITIALIZED_AUTOS = YES_AGGRESSIVE;
				GCC_WARN_UNUSED_FUNCTION = YES;
				GCC_WARN_UNUSED_VARIABLE = YES;
				IPHONEOS_DEPLOYMENT_TARGET = 16.4;
				MTL_ENABLE_DEBUG_INFO = INCLUDE_SOURCE;
				MTL_FAST_MATH = YES;
				ONLY_ACTIVE_ARCH = YES;
				SDKROOT = iphoneos;
				SWIFT_ACTIVE_COMPILATION_CONDITIONS = DEBUG;
				SWIFT_OPTIMIZATION_LEVEL = "-Onone";
			};
			name = Debug;
		};
		631F48852A4BFBB700807E30 /* Release */ = {
			isa = XCBuildConfiguration;
			buildSettings = {
				ALWAYS_SEARCH_USER_PATHS = NO;
				CLANG_ANALYZER_NONNULL = YES;
				CLANG_ANALYZER_NUMBER_OBJECT_CONVERSION = YES_AGGRESSIVE;
				CLANG_CXX_LANGUAGE_STANDARD = "gnu++20";
				CLANG_ENABLE_MODULES = YES;
				CLANG_ENABLE_OBJC_ARC = YES;
				CLANG_ENABLE_OBJC_WEAK = YES;
				CLANG_WARN_BLOCK_CAPTURE_AUTORELEASING = YES;
				CLANG_WARN_BOOL_CONVERSION = YES;
				CLANG_WARN_COMMA = YES;
				CLANG_WARN_CONSTANT_CONVERSION = YES;
				CLANG_WARN_DEPRECATED_OBJC_IMPLEMENTATIONS = YES;
				CLANG_WARN_DIRECT_OBJC_ISA_USAGE = YES_ERROR;
				CLANG_WARN_DOCUMENTATION_COMMENTS = YES;
				CLANG_WARN_EMPTY_BODY = YES;
				CLANG_WARN_ENUM_CONVERSION = YES;
				CLANG_WARN_INFINITE_RECURSION = YES;
				CLANG_WARN_INT_CONVERSION = YES;
				CLANG_WARN_NON_LITERAL_NULL_CONVERSION = YES;
				CLANG_WARN_OBJC_IMPLICIT_RETAIN_SELF = YES;
				CLANG_WARN_OBJC_LITERAL_CONVERSION = YES;
				CLANG_WARN_OBJC_ROOT_CLASS = YES_ERROR;
				CLANG_WARN_QUOTED_INCLUDE_IN_FRAMEWORK_HEADER = YES;
				CLANG_WARN_RANGE_LOOP_ANALYSIS = YES;
				CLANG_WARN_STRICT_PROTOTYPES = YES;
				CLANG_WARN_SUSPICIOUS_MOVE = YES;
				CLANG_WARN_UNGUARDED_AVAILABILITY = YES_AGGRESSIVE;
				CLANG_WARN_UNREACHABLE_CODE = YES;
				CLANG_WARN__DUPLICATE_METHOD_MATCH = YES;
				COPY_PHASE_STRIP = NO;
				DEBUG_INFORMATION_FORMAT = "dwarf-with-dsym";
				ENABLE_NS_ASSERTIONS = NO;
				ENABLE_STRICT_OBJC_MSGSEND = YES;
				GCC_C_LANGUAGE_STANDARD = gnu11;
				GCC_NO_COMMON_BLOCKS = YES;
				GCC_WARN_64_TO_32_BIT_CONVERSION = YES;
				GCC_WARN_ABOUT_RETURN_TYPE = YES_ERROR;
				GCC_WARN_UNDECLARED_SELECTOR = YES;
				GCC_WARN_UNINITIALIZED_AUTOS = YES_AGGRESSIVE;
				GCC_WARN_UNUSED_FUNCTION = YES;
				GCC_WARN_UNUSED_VARIABLE = YES;
				IPHONEOS_DEPLOYMENT_TARGET = 16.4;
				MTL_ENABLE_DEBUG_INFO = NO;
				MTL_FAST_MATH = YES;
				SDKROOT = iphoneos;
				SWIFT_COMPILATION_MODE = wholemodule;
				SWIFT_OPTIMIZATION_LEVEL = "-O";
				VALIDATE_PRODUCT = YES;
			};
			name = Release;
		};
		631F48872A4BFBB700807E30 /* Debug */ = {
			isa = XCBuildConfiguration;
			buildSettings = {
				ASSETCATALOG_COMPILER_APPICON_NAME = AppIcon;
				ASSETCATALOG_COMPILER_GLOBAL_ACCENT_COLOR_NAME = AccentColor;
				CODE_SIGN_STYLE = Automatic;
				CURRENT_PROJECT_VERSION = 1;
				DEVELOPMENT_TEAM = K38NVY9D5B;
				GENERATE_INFOPLIST_FILE = YES;
				INFOPLIST_FILE = DeliveryDemo/Info.plist;
				INFOPLIST_KEY_UIApplicationSupportsIndirectInputEvents = YES;
				INFOPLIST_KEY_UILaunchStoryboardName = LaunchScreen;
				INFOPLIST_KEY_UISupportedInterfaceOrientations_iPad = "UIInterfaceOrientationPortrait UIInterfaceOrientationPortraitUpsideDown UIInterfaceOrientationLandscapeLeft UIInterfaceOrientationLandscapeRight";
				INFOPLIST_KEY_UISupportedInterfaceOrientations_iPhone = "UIInterfaceOrientationPortrait UIInterfaceOrientationLandscapeLeft UIInterfaceOrientationLandscapeRight";
				LD_RUNPATH_SEARCH_PATHS = (
					"$(inherited)",
					"@executable_path/Frameworks",
				);
				MARKETING_VERSION = 1.0;
				PRODUCT_BUNDLE_IDENTIFIER = MarkPushkar.DeliveryDemo;
				PRODUCT_NAME = "$(TARGET_NAME)";
				SWIFT_EMIT_LOC_STRINGS = YES;
				SWIFT_VERSION = 5.0;
				TARGETED_DEVICE_FAMILY = "1,2";
			};
			name = Debug;
		};
		631F48882A4BFBB700807E30 /* Release */ = {
			isa = XCBuildConfiguration;
			buildSettings = {
				ASSETCATALOG_COMPILER_APPICON_NAME = AppIcon;
				ASSETCATALOG_COMPILER_GLOBAL_ACCENT_COLOR_NAME = AccentColor;
				CODE_SIGN_STYLE = Automatic;
				CURRENT_PROJECT_VERSION = 1;
				DEVELOPMENT_TEAM = K38NVY9D5B;
				GENERATE_INFOPLIST_FILE = YES;
				INFOPLIST_FILE = DeliveryDemo/Info.plist;
				INFOPLIST_KEY_UIApplicationSupportsIndirectInputEvents = YES;
				INFOPLIST_KEY_UILaunchStoryboardName = LaunchScreen;
				INFOPLIST_KEY_UISupportedInterfaceOrientations_iPad = "UIInterfaceOrientationPortrait UIInterfaceOrientationPortraitUpsideDown UIInterfaceOrientationLandscapeLeft UIInterfaceOrientationLandscapeRight";
				INFOPLIST_KEY_UISupportedInterfaceOrientations_iPhone = "UIInterfaceOrientationPortrait UIInterfaceOrientationLandscapeLeft UIInterfaceOrientationLandscapeRight";
				LD_RUNPATH_SEARCH_PATHS = (
					"$(inherited)",
					"@executable_path/Frameworks",
				);
				MARKETING_VERSION = 1.0;
				PRODUCT_BUNDLE_IDENTIFIER = MarkPushkar.DeliveryDemo;
				PRODUCT_NAME = "$(TARGET_NAME)";
				SWIFT_EMIT_LOC_STRINGS = YES;
				SWIFT_VERSION = 5.0;
				TARGETED_DEVICE_FAMILY = "1,2";
			};
			name = Release;
		};
/* End XCBuildConfiguration section */

/* Begin XCConfigurationList section */
		631F486D2A4BFBB500807E30 /* Build configuration list for PBXProject "DeliveryDemo" */ = {
			isa = XCConfigurationList;
			buildConfigurations = (
				631F48842A4BFBB700807E30 /* Debug */,
				631F48852A4BFBB700807E30 /* Release */,
			);
			defaultConfigurationIsVisible = 0;
			defaultConfigurationName = Release;
		};
		631F48862A4BFBB700807E30 /* Build configuration list for PBXNativeTarget "DeliveryDemo" */ = {
			isa = XCConfigurationList;
			buildConfigurations = (
				631F48872A4BFBB700807E30 /* Debug */,
				631F48882A4BFBB700807E30 /* Release */,
			);
			defaultConfigurationIsVisible = 0;
			defaultConfigurationName = Release;
		};
/* End XCConfigurationList section */
	};
	rootObject = 631F486A2A4BFBB500807E30 /* Project object */;
}
